
Microsoft Visual Studio Solution File, Format Version 10.00
# Visual Studio 2008
Project("{FAE04EC0-301F-11D3-BF4B-00C04F79EFBC}") = "HelloWorld", "HelloWorld\HelloWorld.csproj", "{5F813963-DE40-433A-ABE3-71EACDF19412}"
EndProject
Project("{FAE04EC0-301F-11D3-BF4B-00C04F79EFBC}") = "HelloWorldAddin", "HelloWorldAddin\HelloWorldAddin.csproj", "{26C85FBC-0A97-4650-807F-E889C6D1F32F}"
EndProject
Global
	GlobalSection(SolutionConfigurationPlatforms) = preSolution
		Debug|x86 = Debug|x86
		Release|x86 = Release|x86
	EndGlobalSection
	GlobalSection(ProjectConfigurationPlatforms) = postSolution
		{26C85FBC-0A97-4650-807F-E889C6D1F32F}.Debug|x86.ActiveCfg = Debug|Any CPU
		{26C85FBC-0A97-4650-807F-E889C6D1F32F}.Debug|x86.Build.0 = Debug|Any CPU
		{26C85FBC-0A97-4650-807F-E889C6D1F32F}.Release|x86.ActiveCfg = Release|Any CPU
		{26C85FBC-0A97-4650-807F-E889C6D1F32F}.Release|x86.Build.0 = Release|Any CPU
		{5F813963-DE40-433A-ABE3-71EACDF19412}.Debug|x86.ActiveCfg = Debug|x86
		{5F813963-DE40-433A-ABE3-71EACDF19412}.Debug|x86.Build.0 = Debug|x86
		{5F813963-DE40-433A-ABE3-71EACDF19412}.Release|x86.ActiveCfg = Release|x86
		{5F813963-DE40-433A-ABE3-71EACDF19412}.Release|x86.Build.0 = Release|x86
	EndGlobalSection
	GlobalSection(MonoDevelopProperties) = preSolution
		StartupItem = HelloWorld\HelloWorld.csproj
		Policies = $0
		$0.ChangeLogPolicy = $1
		$1.UpdateMode = None
		$1.inheritsSet = Mono
	EndGlobalSection
EndGlobal
